# Accepted CPython 3.14 / Linux x86-64 wheel closure. No inference during install.
# MediaPipe notices and model provenance: backend/docs/L19_MODEL_MANIFEST.md.
absl-py==2.5.0 --hash=sha256:0f17b89f2a4eaaedc4f28c622998aa690564b3012a396a4ffad0821007fe03ba
certifi==2026.7.22 --hash=sha256:62f22742b58a1a33014a2b6b706588a8d7e2a88ae7bd1a6ebe8c992928483775
cffi==2.1.1 --hash=sha256:b0431303acaea1089ad4b3e9ce4e6518193def1118d4073ca848635ee4ea2e96
contourpy==1.3.3 --hash=sha256:f64836de09927cba6f79dcd00fdd7d5329f3fccc633468507079c829ca4db4e3
cycler==0.12.1 --hash=sha256:85cef7cff222d8644161529808465972e51340599459b8ac3ccbac5a854e0d30
flatbuffers==25.12.19 --hash=sha256:7634f50c427838bb021c2d66a3d1168e9d199b0607e6329399f04846d42e20b4
fonttools==4.64.0 --hash=sha256:b4a7af455ffed980925bc0ebf5b8d6239e6c3e797d9d755b6db192fb3080d614
kiwisolver==1.5.1 --hash=sha256:18a0cfb124546a4c2e6087c5f3029c7f44b37c85b142e0ced71f73a7599ac208
matplotlib==3.11.1 --hash=sha256:5af0dcda57d471440a7b5b623e70e0a61003518443d9098f211a96ecfbbc25be
mediapipe==1.0.1 --hash=sha256:121522251afc3c135e4b7b0c341dd5e050ad1ec87631127484f3c389ae385044
numpy==2.5.3 --hash=sha256:b0521d0f4aebb6e06189451025fa17a913287b13c03d5fe05c017333b654ea5b
opencv-contrib-python==5.0.0.93 --hash=sha256:8427dcb0561dc3ba32f3771c627f52b87c29932c265bea28ffcb54804c3c3fec
packaging==26.3 --hash=sha256:d7193f7c8e4e93f444fde0262bf90af30e16fa0ad0ad44cb553c87339b23cd1c
pillow==12.3.0 --hash=sha256:251bf95b67017e27b13d82f5b326234ca62d70f9cf4c2b9032de2358a3b12c7b
pycparser==3.0 --hash=sha256:b727414169a36b7d524c1c3e31839a521725078d7b2ff038656844266160a992
pyparsing==3.3.2 --hash=sha256:850ba148bd908d7e2411587e247a1e4f0327839c40e2e5e6d05a007ecc69911d
python-dateutil==2.9.0.post0 --hash=sha256:a8b2bc7bffae282281c8140a97d3aa9c14da0b136dfe83f850eea9a5f7470427
six==1.17.0 --hash=sha256:4721f391ed90541fddacab5acf947aa0d3dc7d27b2e1e8eda2be8970586c3274
sounddevice==0.5.6 --hash=sha256:de099612311ad81e55d31ccbd83f43ea6bf4d87b48f9b6ea55a1fbcde0eee4e0
